
Microsoft Visual Studio Solution File, Format Version 12.00
# Visual Studio 2012
Project("{FAE04EC0-301F-11D3-BF4B-00C04F79EFBC}") = "lab1SHORP", "lab1SHORP\lab1SHORP.csproj", "{6266D85C-43E8-4EAE-B11F-AC5F753EFEF1}"
EndProject
Global
	GlobalSection(SolutionConfigurationPlatforms) = preSolution
		Debug|Any CPU = Debug|Any CPU
		Release|Any CPU = Release|Any CPU
	EndGlobalSection
	GlobalSection(ProjectConfigurationPlatforms) = postSolution
		{6266D85C-43E8-4EAE-B11F-AC5F753EFEF1}.Debug|Any CPU.ActiveCfg = Debug|Any CPU
		{6266D85C-43E8-4EAE-B11F-AC5F753EFEF1}.Debug|Any CPU.Build.0 = Debug|Any CPU
		{6266D85C-43E8-4EAE-B11F-AC5F753EFEF1}.Release|Any CPU.ActiveCfg = Release|Any CPU
		{6266D85C-43E8-4EAE-B11F-AC5F753EFEF1}.Release|Any CPU.Build.0 = Release|Any CPU
	EndGlobalSection
	GlobalSection(SolutionProperties) = preSolution
		HideSolutionNode = FALSE
	EndGlobalSection
EndGlobal
